
Microsoft Visual Studio Solution File, Format Version 12.00
# Visual Studio Version 17
VisualStudioVersion = 17.0.31919.166
MinimumVisualStudioVersion = 10.0.40219.1
Project("{9A19103F-16F7-4668-BE54-9A1E7A4F7556}") = "Algorithms.Test", "Algorithms.Test\Algorithms.Test.csproj", "{8D8F9F97-91A0-4DA0-BBBF-D1D5D74772B8}"
EndProject
Global
	GlobalSection(SolutionConfigurationPlatforms) = preSolution
		Debug|Any CPU = Debug|Any CPU
		Release|Any CPU = Release|Any CPU
	EndGlobalSection
	GlobalSection(ProjectConfigurationPlatforms) = postSolution
		{8D8F9F97-91A0-4DA0-BBBF-D1D5D74772B8}.Debug|Any CPU.ActiveCfg = Debug|Any CPU
		{8D8F9F97-91A0-4DA0-BBBF-D1D5D74772B8}.Debug|Any CPU.Build.0 = Debug|Any CPU
		{8D8F9F97-91A0-4DA0-BBBF-D1D5D74772B8}.Release|Any CPU.ActiveCfg = Release|Any CPU
		{8D8F9F97-91A0-4DA0-BBBF-D1D5D74772B8}.Release|Any CPU.Build.0 = Release|Any CPU
	EndGlobalSection
	GlobalSection(SolutionProperties) = preSolution
		HideSolutionNode = FALSE
	EndGlobalSection
	GlobalSection(ExtensibilityGlobals) = postSolution
		SolutionGuid = {3E3CDF45-DC25-4BA6-9776-6ADD1219770D}
	EndGlobalSection
EndGlobal
